
Microsoft Visual Studio Solution File, Format Version 12.00
# Visual Studio 15
VisualStudioVersion = 15.0.26403.3
MinimumVisualStudioVersion = 10.0.40219.1
Project("{FAE04EC0-301F-11D3-BF4B-00C04F79EFBC}") = "SmartRepo", "SmartRepo\SmartRepo\SmartRepo.csproj", "{FDBEF548-E919-4D2D-A1D8-2EA74FBC600C}"
EndProject
Project("{FAE04EC0-301F-11D3-BF4B-00C04F79EFBC}") = "SmartRepo.Droid", "SmartRepo\SmartRepo.Droid\SmartRepo.Droid.csproj", "{812781AB-13C9-44F1-B47F-5376C2A6F8E4}"
EndProject
Project("{FAE04EC0-301F-11D3-BF4B-00C04F79EFBC}") = "SmartRepo.iOS", "SmartRepo\SmartRepo.iOS\SmartRepo.iOS.csproj", "{6EE7E0AB-CAA8-4BB9-A8CB-8D976AC6BFF2}"
EndProject
Global
	GlobalSection(SolutionConfigurationPlatforms) = preSolution
		Ad-Hoc|Any CPU = Ad-Hoc|Any CPU
		Ad-Hoc|iPhone = Ad-Hoc|iPhone
		Ad-Hoc|iPhoneSimulator = Ad-Hoc|iPhoneSimulator
		AppStore|Any CPU = AppStore|Any CPU
		AppStore|iPhone = AppStore|iPhone
		AppStore|iPhoneSimulator = AppStore|iPhoneSimulator
		Debug|Any CPU = Debug|Any CPU
		Debug|iPhone = Debug|iPhone
		Debug|iPhoneSimulator = Debug|iPhoneSimulator
		Release|Any CPU = Release|Any CPU
		Release|iPhone = Release|iPhone
		Release|iPhoneSimulator = Release|iPhoneSimulator
	EndGlobalSection
	GlobalSection(ProjectConfigurationPlatforms) = postSolution
		{FDBEF548-E919-4D2D-A1D8-2EA74FBC600C}.Ad-Hoc|Any CPU.ActiveCfg = Release|Any CPU
		{FDBEF548-E919-4D2D-A1D8-2EA74FBC600C}.Ad-Hoc|Any CPU.Build.0 = Release|Any CPU
		{FDBEF548-E919-4D2D-A1D8-2EA74FBC600C}.Ad-Hoc|iPhone.ActiveCfg = Release|Any CPU
		{FDBEF548-E919-4D2D-A1D8-2EA74FBC600C}.Ad-Hoc|iPhone.Build.0 = Release|Any CPU
		{FDBEF548-E919-4D2D-A1D8-2EA74FBC600C}.Ad-Hoc|iPhoneSimulator.ActiveCfg = Release|Any CPU
		{FDBEF548-E919-4D2D-A1D8-2EA74FBC600C}.Ad-Hoc|iPhoneSimulator.Build.0 = Release|Any CPU
		{FDBEF548-E919-4D2D-A1D8-2EA74FBC600C}.AppStore|Any CPU.ActiveCfg = Release|Any CPU
		{FDBEF548-E919-4D2D-A1D8-2EA74FBC600C}.AppStore|Any CPU.Build.0 = Release|Any CPU
		{FDBEF548-E919-4D2D-A1D8-2EA74FBC600C}.AppStore|iPhone.ActiveCfg = Release|Any CPU
		{FDBEF548-E919-4D2D-A1D8-2EA74FBC600C}.AppStore|iPhone.Build.0 = Release|Any CPU
		{FDBEF548-E919-4D2D-A1D8-2EA74FBC600C}.AppStore|iPhoneSimulator.ActiveCfg = Release|Any CPU
		{FDBEF548-E919-4D2D-A1D8-2EA74FBC600C}.AppStore|iPhoneSimulator.Build.0 = Release|Any CPU
		{FDBEF548-E919-4D2D-A1D8-2EA74FBC600C}.Debug|Any CPU.ActiveCfg = Debug|Any CPU
		{FDBEF548-E919-4D2D-A1D8-2EA74FBC600C}.Debug|Any CPU.Build.0 = Debug|Any CPU
		{FDBEF548-E919-4D2D-A1D8-2EA74FBC600C}.Debug|iPhone.ActiveCfg = Debug|Any CPU
		{FDBEF548-E919-4D2D-A1D8-2EA74FBC600C}.Debug|iPhone.Build.0 = Debug|Any CPU
		{FDBEF548-E919-4D2D-A1D8-2EA74FBC600C}.Debug|iPhoneSimulator.ActiveCfg = Debug|Any CPU
		{FDBEF548-E919-4D2D-A1D8-2EA74FBC600C}.Debug|iPhoneSimulator.Build.0 = Debug|Any CPU
		{FDBEF548-E919-4D2D-A1D8-2EA74FBC600C}.Release|Any CPU.ActiveCfg = Release|Any CPU
		{FDBEF548-E919-4D2D-A1D8-2EA74FBC600C}.Release|Any CPU.Build.0 = Release|Any CPU
		{FDBEF548-E919-4D2D-A1D8-2EA74FBC600C}.Release|iPhone.ActiveCfg = Release|Any CPU
		{FDBEF548-E919-4D2D-A1D8-2EA74FBC600C}.Release|iPhone.Build.0 = Release|Any CPU
		{FDBEF548-E919-4D2D-A1D8-2EA74FBC600C}.Release|iPhoneSimulator.ActiveCfg = Release|Any CPU
		{FDBEF548-E919-4D2D-A1D8-2EA74FBC600C}.Release|iPhoneSimulator.Build.0 = Release|Any CPU
		{812781AB-13C9-44F1-B47F-5376C2A6F8E4}.Ad-Hoc|Any CPU.ActiveCfg = Release|Any CPU
		{812781AB-13C9-44F1-B47F-5376C2A6F8E4}.Ad-Hoc|Any CPU.Build.0 = Release|Any CPU
		{812781AB-13C9-44F1-B47F-5376C2A6F8E4}.Ad-Hoc|Any CPU.Deploy.0 = Release|Any CPU
		{812781AB-13C9-44F1-B47F-5376C2A6F8E4}.Ad-Hoc|iPhone.ActiveCfg = Release|Any CPU
		{812781AB-13C9-44F1-B47F-5376C2A6F8E4}.Ad-Hoc|iPhone.Build.0 = Release|Any CPU
		{812781AB-13C9-44F1-B47F-5376C2A6F8E4}.Ad-Hoc|iPhone.Deploy.0 = Release|Any CPU
		{812781AB-13C9-44F1-B47F-5376C2A6F8E4}.Ad-Hoc|iPhoneSimulator.ActiveCfg = Release|Any CPU
		{812781AB-13C9-44F1-B47F-5376C2A6F8E4}.Ad-Hoc|iPhoneSimulator.Build.0 = Release|Any CPU
		{812781AB-13C9-44F1-B47F-5376C2A6F8E4}.Ad-Hoc|iPhoneSimulator.Deploy.0 = Release|Any CPU
		{812781AB-13C9-44F1-B47F-5376C2A6F8E4}.AppStore|Any CPU.ActiveCfg = Release|Any CPU
		{812781AB-13C9-44F1-B47F-5376C2A6F8E4}.AppStore|Any CPU.Build.0 = Release|Any CPU
		{812781AB-13C9-44F1-B47F-5376C2A6F8E4}.AppStore|Any CPU.Deploy.0 = Release|Any CPU
		{812781AB-13C9-44F1-B47F-5376C2A6F8E4}.AppStore|iPhone.ActiveCfg = Release|Any CPU
		{812781AB-13C9-44F1-B47F-5376C2A6F8E4}.AppStore|iPhone.Build.0 = Release|Any CPU
		{812781AB-13C9-44F1-B47F-5376C2A6F8E4}.AppStore|iPhone.Deploy.0 = Release|Any CPU
		{812781AB-13C9-44F1-B47F-5376C2A6F8E4}.AppStore|iPhoneSimulator.ActiveCfg = Release|Any CPU
		{812781AB-13C9-44F1-B47F-5376C2A6F8E4}.AppStore|iPhoneSimulator.Build.0 = Release|Any CPU
		{812781AB-13C9-44F1-B47F-5376C2A6F8E4}.AppStore|iPhoneSimulator.Deploy.0 = Release|Any CPU
		{812781AB-13C9-44F1-B47F-5376C2A6F8E4}.Debug|Any CPU.ActiveCfg = Debug|Any CPU
		{812781AB-13C9-44F1-B47F-5376C2A6F8E4}.Debug|Any CPU.Build.0 = Debug|Any CPU
		{812781AB-13C9-44F1-B47F-5376C2A6F8E4}.Debug|Any CPU.Deploy.0 = Debug|Any CPU
		{812781AB-13C9-44F1-B47F-5376C2A6F8E4}.Debug|iPhone.ActiveCfg = Debug|Any CPU
		{812781AB-13C9-44F1-B47F-5376C2A6F8E4}.Debug|iPhone.Build.0 = Debug|Any CPU
		{812781AB-13C9-44F1-B47F-5376C2A6F8E4}.Debug|iPhone.Deploy.0 = Debug|Any CPU
		{812781AB-13C9-44F1-B47F-5376C2A6F8E4}.Debug|iPhoneSimulator.ActiveCfg = Debug|Any CPU
		{812781AB-13C9-44F1-B47F-5376C2A6F8E4}.Debug|iPhoneSimulator.Build.0 = Debug|Any CPU
		{812781AB-13C9-44F1-B47F-5376C2A6F8E4}.Debug|iPhoneSimulator.Deploy.0 = Debug|Any CPU
		{812781AB-13C9-44F1-B47F-5376C2A6F8E4}.Release|Any CPU.ActiveCfg = Release|Any CPU
		{812781AB-13C9-44F1-B47F-5376C2A6F8E4}.Release|Any CPU.Build.0 = Release|Any CPU
		{812781AB-13C9-44F1-B47F-5376C2A6F8E4}.Release|Any CPU.Deploy.0 = Release|Any CPU
		{812781AB-13C9-44F1-B47F-5376C2A6F8E4}.Release|iPhone.ActiveCfg = Release|Any CPU
		{812781AB-13C9-44F1-B47F-5376C2A6F8E4}.Release|iPhone.Build.0 = Release|Any CPU
		{812781AB-13C9-44F1-B47F-5376C2A6F8E4}.Release|iPhone.Deploy.0 = Release|Any CPU
		{812781AB-13C9-44F1-B47F-5376C2A6F8E4}.Release|iPhoneSimulator.ActiveCfg = Release|Any CPU
		{812781AB-13C9-44F1-B47F-5376C2A6F8E4}.Release|iPhoneSimulator.Build.0 = Release|Any CPU
		{812781AB-13C9-44F1-B47F-5376C2A6F8E4}.Release|iPhoneSimulator.Deploy.0 = Release|Any CPU
		{6EE7E0AB-CAA8-4BB9-A8CB-8D976AC6BFF2}.Ad-Hoc|Any CPU.ActiveCfg = Ad-Hoc|iPhone
		{6EE7E0AB-CAA8-4BB9-A8CB-8D976AC6BFF2}.Ad-Hoc|iPhone.ActiveCfg = Ad-Hoc|iPhone
		{6EE7E0AB-CAA8-4BB9-A8CB-8D976AC6BFF2}.Ad-Hoc|iPhone.Build.0 = Ad-Hoc|iPhone
		{6EE7E0AB-CAA8-4BB9-A8CB-8D976AC6BFF2}.Ad-Hoc|iPhoneSimulator.ActiveCfg = Ad-Hoc|iPhoneSimulator
		{6EE7E0AB-CAA8-4BB9-A8CB-8D976AC6BFF2}.Ad-Hoc|iPhoneSimulator.Build.0 = Ad-Hoc|iPhoneSimulator
		{6EE7E0AB-CAA8-4BB9-A8CB-8D976AC6BFF2}.AppStore|Any CPU.ActiveCfg = AppStore|iPhone
		{6EE7E0AB-CAA8-4BB9-A8CB-8D976AC6BFF2}.AppStore|iPhone.ActiveCfg = AppStore|iPhone
		{6EE7E0AB-CAA8-4BB9-A8CB-8D976AC6BFF2}.AppStore|iPhone.Build.0 = AppStore|iPhone
		{6EE7E0AB-CAA8-4BB9-A8CB-8D976AC6BFF2}.AppStore|iPhoneSimulator.ActiveCfg = AppStore|iPhoneSimulator
		{6EE7E0AB-CAA8-4BB9-A8CB-8D976AC6BFF2}.AppStore|iPhoneSimulator.Build.0 = AppStore|iPhoneSimulator
		{6EE7E0AB-CAA8-4BB9-A8CB-8D976AC6BFF2}.Debug|Any CPU.ActiveCfg = Debug|iPhone
		{6EE7E0AB-CAA8-4BB9-A8CB-8D976AC6BFF2}.Debug|iPhone.ActiveCfg = Debug|iPhone
		{6EE7E0AB-CAA8-4BB9-A8CB-8D976AC6BFF2}.Debug|iPhone.Build.0 = Debug|iPhone
		{6EE7E0AB-CAA8-4BB9-A8CB-8D976AC6BFF2}.Debug|iPhoneSimulator.ActiveCfg = Debug|iPhoneSimulator
		{6EE7E0AB-CAA8-4BB9-A8CB-8D976AC6BFF2}.Debug|iPhoneSimulator.Build.0 = Debug|iPhoneSimulator
		{6EE7E0AB-CAA8-4BB9-A8CB-8D976AC6BFF2}.Release|Any CPU.ActiveCfg = Release|iPhone
		{6EE7E0AB-CAA8-4BB9-A8CB-8D976AC6BFF2}.Release|iPhone.ActiveCfg = Release|iPhone
		{6EE7E0AB-CAA8-4BB9-A8CB-8D976AC6BFF2}.Release|iPhone.Build.0 = Release|iPhone
		{6EE7E0AB-CAA8-4BB9-A8CB-8D976AC6BFF2}.Release|iPhoneSimulator.ActiveCfg = Release|iPhoneSimulator
		{6EE7E0AB-CAA8-4BB9-A8CB-8D976AC6BFF2}.Release|iPhoneSimulator.Build.0 = Release|iPhoneSimulator
	EndGlobalSection
	GlobalSection(SolutionProperties) = preSolution
		HideSolutionNode = FALSE
	EndGlobalSection
EndGlobal
